// !$*UTF8*$!
{
	archiveVersion = 1;
	classes = {
	};
	objectVersion = 46;
	objects = {

/* Begin PBXBuildFile section */
		6A8612711DF483E6008784DC /* AppDelegate.swift in Sources */ = {isa = PBXBuildFile; fileRef = 6A8612701DF483E6008784DC /* AppDelegate.swift */; };
		6A8612731DF483E6008784DC /* ViewController.swift in Sources */ = {isa = PBXBuildFile; fileRef = 6A8612721DF483E6008784DC /* ViewController.swift */; };
		6A8612761DF483E6008784DC /* Main.storyboard in Resources */ = {isa = PBXBuildFile; fileRef = 6A8612741DF483E6008784DC /* Main.storyboard */; };
		6A8612781DF483E6008784DC /* Assets.xcassets in Resources */ = {isa = PBXBuildFile; fileRef = 6A8612771DF483E6008784DC /* Assets.xcassets */; };
		6A86127B1DF483E6008784DC /* LaunchScreen.storyboard in Resources */ = {isa = PBXBuildFile; fileRef = 6A8612791DF483E6008784DC /* LaunchScreen.storyboard */; };
		6AA8D3601DF4843800B6136D /* CustomNavBarViewController.swift in Sources */ = {isa = PBXBuildFile; fileRef = 6AA8D35E1DF4843800B6136D /* CustomNavBarViewController.swift */; };
		6AA8D3611DF4843800B6136D /* CustomNavBarViewController.xib in Resources */ = {isa = PBXBuildFile; fileRef = 6AA8D35F1DF4843800B6136D /* CustomNavBarViewController.xib */; };
		6AA8D3631DF48D2E00B6136D /* BaseViewController.swift in Sources */ = {isa = PBXBuildFile; fileRef = 6AA8D3621DF48D2E00B6136D /* BaseViewController.swift */; };
		6AA8D3651DF48D6000B6136D /* ViewController2.swift in Sources */ = {isa = PBXBuildFile; fileRef = 6AA8D3641DF48D6000B6136D /* ViewController2.swift */; };
/* End PBXBuildFile section */

/* Begin PBXFileReference section */
		6A86126D1DF483E6008784DC /* CustomNavigationBar.app */ = {isa = PBXFileReference; explicitFileType = wrapper.application; includeInIndex = 0; path = CustomNavigationBar.app; sourceTree = BUILT_PRODUCTS_DIR; };
		6A8612701DF483E6008784DC /* AppDelegate.swift */ = {isa = PBXFileReference; lastKnownFileType = sourcecode.swift; path = AppDelegate.swift; sourceTree = "<group>"; };
		6A8612721DF483E6008784DC /* ViewController.swift */ = {isa = PBXFileReference; lastKnownFileType = sourcecode.swift; path = ViewController.swift; sourceTree = "<group>"; };
		6A8612751DF483E6008784DC /* Base */ = {isa = PBXFileReference; lastKnownFileType = file.storyboard; name = Base; path = Base.lproj/Main.storyboard; sourceTree = "<group>"; };
		6A8612771DF483E6008784DC /* Assets.xcassets */ = {isa = PBXFileReference; lastKnownFileType = folder.assetcatalog; path = Assets.xcassets; sourceTree = "<group>"; };
		6A86127A1DF483E6008784DC /* Base */ = {isa = PBXFileReference; lastKnownFileType = file.storyboard; name = Base; path = Base.lproj/LaunchScreen.storyboard; sourceTree = "<group>"; };
		6A86127C1DF483E6008784DC /* Info.plist */ = {isa = PBXFileReference; lastKnownFileType = text.plist.xml; path = Info.plist; sourceTree = "<group>"; };
		6AA8D35E1DF4843800B6136D /* CustomNavBarViewController.swift */ = {isa = PBXFileReference; fileEncoding = 4; lastKnownFileType = sourcecode.swift; path = CustomNavBarViewController.swift; sourceTree = "<group>"; };
		6AA8D35F1DF4843800B6136D /* CustomNavBarViewController.xib */ = {isa = PBXFileReference; fileEncoding = 4; lastKnownFileType = file.xib; path = CustomNavBarViewController.xib; sourceTree = "<group>"; };
		6AA8D3621DF48D2E00B6136D /* BaseViewController.swift */ = {isa = PBXFileReference; fileEncoding = 4; lastKnownFileType = sourcecode.swift; path = BaseViewController.swift; sourceTree = "<group>"; };
		6AA8D3641DF48D6000B6136D /* ViewController2.swift */ = {isa = PBXFileReference; fileEncoding = 4; lastKnownFileType = sourcecode.swift; path = ViewController2.swift; sourceTree = "<group>"; };
/* End PBXFileReference section */

/* Begin PBXFrameworksBuildPhase section */
		6A86126A1DF483E6008784DC /* Frameworks */ = {
			isa = PBXFrameworksBuildPhase;
			buildActionMask = 2147483647;
			files = (
			);
			runOnlyForDeploymentPostprocessing = 0;
		};
/* End PBXFrameworksBuildPhase section */

/* Begin PBXGroup section */
		6A8612641DF483E6008784DC = {
			isa = PBXGroup;
			children = (
				6A86126F1DF483E6008784DC /* CustomNavigationBar */,
				6A86126E1DF483E6008784DC /* Products */,
			);
			sourceTree = "<group>";
		};
		6A86126E1DF483E6008784DC /* Products */ = {
			isa = PBXGroup;
			children = (
				6A86126D1DF483E6008784DC /* CustomNavigationBar.app */,
			);
			name = Products;
			sourceTree = "<group>";
		};
		6A86126F1DF483E6008784DC /* CustomNavigationBar */ = {
			isa = PBXGroup;
			children = (
				6A8612701DF483E6008784DC /* AppDelegate.swift */,
				6A8612721DF483E6008784DC /* ViewController.swift */,
				6A8612741DF483E6008784DC /* Main.storyboard */,
				6A8612771DF483E6008784DC /* Assets.xcassets */,
				6A8612791DF483E6008784DC /* LaunchScreen.storyboard */,
				6A86127C1DF483E6008784DC /* Info.plist */,
				6AA8D35E1DF4843800B6136D /* CustomNavBarViewController.swift */,
				6AA8D35F1DF4843800B6136D /* CustomNavBarViewController.xib */,
				6AA8D3621DF48D2E00B6136D /* BaseViewController.swift */,
				6AA8D3641DF48D6000B6136D /* ViewController2.swift */,
			);
			path = CustomNavigationBar;
			sourceTree = "<group>";
		};
/* End PBXGroup section */

/* Begin PBXNativeTarget section */
		6A86126C1DF483E6008784DC /* CustomNavigationBar */ = {
			isa = PBXNativeTarget;
			buildConfigurationList = 6A86127F1DF483E6008784DC /* Build configuration list for PBXNativeTarget "CustomNavigationBar" */;
			buildPhases = (
				6A8612691DF483E6008784DC /* Sources */,
				6A86126A1DF483E6008784DC /* Frameworks */,
				6A86126B1DF483E6008784DC /* Resources */,
			);
			buildRules = (
			);
			dependencies = (
			);
			name = CustomNavigationBar;
			productName = CustomNavigationBar;
			productReference = 6A86126D1DF483E6008784DC /* CustomNavigationBar.app */;
			productType = "com.apple.product-type.application";
		};
/* End PBXNativeTarget section */

/* Begin PBXProject section */
		6A8612651DF483E6008784DC /* Project object */ = {
			isa = PBXProject;
			attributes = {
				LastSwiftUpdateCheck = 0730;
				LastUpgradeCheck = 0730;
				ORGANIZATIONNAME = ALP;
				TargetAttributes = {
					6A86126C1DF483E6008784DC = {
						CreatedOnToolsVersion = 7.3.1;
					};
				};
			};
			buildConfigurationList = 6A8612681DF483E6008784DC /* Build configuration list for PBXProject "CustomNavigationBar" */;
			compatibilityVersion = "Xcode 3.2";
			developmentRegion = English;
			hasScannedForEncodings = 0;
			knownRegions = (
				en,
				Base,
			);
			mainGroup = 6A8612641DF483E6008784DC;
			productRefGroup = 6A86126E1DF483E6008784DC /* Products */;
			projectDirPath = "";
			projectRoot = "";
			targets = (
				6A86126C1DF483E6008784DC /* CustomNavigationBar */,
			);
		};
/* End PBXProject section */

/* Begin PBXResourcesBuildPhase section */
		6A86126B1DF483E6008784DC /* Resources */ = {
			isa = PBXResourcesBuildPhase;
			buildActionMask = 2147483647;
			files = (
				6A86127B1DF483E6008784DC /* LaunchScreen.storyboard in Resources */,
				6A8612781DF483E6008784DC /* Assets.xcassets in Resources */,
				6A8612761DF483E6008784DC /* Main.storyboard in Resources */,
				6AA8D3611DF4843800B6136D /* CustomNavBarViewController.xib in Resources */,
			);
			runOnlyForDeploymentPostprocessing = 0;
		};
/* End PBXResourcesBuildPhase section */

/* Begin PBXSourcesBuildPhase section */
		6A8612691DF483E6008784DC /* Sources */ = {
			isa = PBXSourcesBuildPhase;
			buildActionMask = 2147483647;
			files = (
				6AA8D3651DF48D6000B6136D /* ViewController2.swift in Sources */,
				6A8612731DF483E6008784DC /* ViewController.swift in Sources */,
				6AA8D3631DF48D2E00B6136D /* BaseViewController.swift in Sources */,
				6AA8D3601DF4843800B6136D /* CustomNavBarViewController.swift in Sources */,
				6A8612711DF483E6008784DC /* AppDelegate.swift in Sources */,
			);
			runOnlyForDeploymentPostprocessing = 0;
		};
/* End PBXSourcesBuildPhase section */

/* Begin PBXVariantGroup section */
		6A8612741DF483E6008784DC /* Main.storyboard */ = {
			isa = PBXVariantGroup;
			children = (
				6A8612751DF483E6008784DC /* Base */,
			);
			name = Main.storyboard;
			sourceTree = "<group>";
		};
		6A8612791DF483E6008784DC /* LaunchScreen.storyboard */ = {
			isa = PBXVariantGroup;
			children = (
				6A86127A1DF483E6008784DC /* Base */,
			);
			name = LaunchScreen.storyboard;
			sourceTree = "<group>";
		};
/* End PBXVariantGroup section */

/* Begin XCBuildConfiguration section */
		6A86127D1DF483E6008784DC /* Debug */ = {
			isa = XCBuildConfiguration;
			buildSettings = {
				ALWAYS_SEARCH_USER_PATHS = NO;
				CLANG_ANALYZER_NONNULL = YES;
				CLANG_CXX_LANGUAGE_STANDARD = "gnu++0x";
				CLANG_CXX_LIBRARY = "libc++";
				CLANG_ENABLE_MODULES = YES;
				CLANG_ENABLE_OBJC_ARC = YES;
				CLANG_WARN_BOOL_CONVERSION = YES;
				CLANG_WARN_CONSTANT_CONVERSION = YES;
				CLANG_WARN_DIRECT_OBJC_ISA_USAGE = YES_ERROR;
				CLANG_WARN_EMPTY_BODY = YES;
				CLANG_WARN_ENUM_CONVERSION = YES;
				CLANG_WARN_INT_CONVERSION = YES;
				CLANG_WARN_OBJC_ROOT_CLASS = YES_ERROR;
				CLANG_WARN_UNREACHABLE_CODE = YES;
				CLANG_WARN__DUPLICATE_METHOD_MATCH = YES;
				"CODE_SIGN_IDENTITY[sdk=iphoneos*]" = "iPhone Developer";
				COPY_PHASE_STRIP = NO;
				DEBUG_INFORMATION_FORMAT = dwarf;
				ENABLE_STRICT_OBJC_MSGSEND = YES;
				ENABLE_TESTABILITY = YES;
				GCC_C_LANGUAGE_STANDARD = gnu99;
				GCC_DYNAMIC_NO_PIC = NO;
				GCC_NO_COMMON_BLOCKS = YES;
				GCC_OPTIMIZATION_LEVEL = 0;
				GCC_PREPROCESSOR_DEFINITIONS = (
					"DEBUG=1",
					"$(inherited)",
				);
				GCC_WARN_64_TO_32_BIT_CONVERSION = YES;
				GCC_WARN_ABOUT_RETURN_TYPE = YES_ERROR;
				GCC_WARN_UNDECLARED_SELECTOR = YES;
				GCC_WARN_UNINITIALIZED_AUTOS = YES_AGGRESSIVE;
				GCC_WARN_UNUSED_FUNCTION = YES;
				GCC_WARN_UNUSED_VARIABLE = YES;
				IPHONEOS_DEPLOYMENT_TARGET = 9.3;
				MTL_ENABLE_DEBUG_INFO = YES;
				ONLY_ACTIVE_ARCH = YES;
				SDKROOT = iphoneos;
				SWIFT_OPTIMIZATION_LEVEL = "-Onone";
				TARGETED_DEVICE_FAMILY = "1,2";
			};
			name = Debug;
		};
		6A86127E1DF483E6008784DC /* Release */ = {
			isa = XCBuildConfiguration;
			buildSettings = {
				ALWAYS_SEARCH_USER_PATHS = NO;
				CLANG_ANALYZER_NONNULL = YES;
				CLANG_CXX_LANGUAGE_STANDARD = "gnu++0x";
				CLANG_CXX_LIBRARY = "libc++";
				CLANG_ENABLE_MODULES = YES;
				CLANG_ENABLE_OBJC_ARC = YES;
				CLANG_WARN_BOOL_CONVERSION = YES;
				CLANG_WARN_CONSTANT_CONVERSION = YES;
				CLANG_WARN_DIRECT_OBJC_ISA_USAGE = YES_ERROR;
				CLANG_WARN_EMPTY_BODY = YES;
				CLANG_WARN_ENUM_CONVERSION = YES;
				CLANG_WARN_INT_CONVERSION = YES;
				CLANG_WARN_OBJC_ROOT_CLASS = YES_ERROR;
				CLANG_WARN_UNREACHABLE_CODE = YES;
				CLANG_WARN__DUPLICATE_METHOD_MATCH = YES;
				"CODE_SIGN_IDENTITY[sdk=iphoneos*]" = "iPhone Developer";
				COPY_PHASE_STRIP = NO;
				DEBUG_INFORMATION_FORMAT = "dwarf-with-dsym";
				ENABLE_NS_ASSERTIONS = NO;
				ENABLE_STRICT_OBJC_MSGSEND = YES;
				GCC_C_LANGUAGE_STANDARD = gnu99;
				GCC_NO_COMMON_BLOCKS = YES;
				GCC_WARN_64_TO_32_BIT_CONVERSION = YES;
				GCC_WARN_ABOUT_RETURN_TYPE = YES_ERROR;
				GCC_WARN_UNDECLARED_SELECTOR = YES;
				GCC_WARN_UNINITIALIZED_AUTOS = YES_AGGRESSIVE;
				GCC_WARN_UNUSED_FUNCTION = YES;
				GCC_WARN_UNUSED_VARIABLE = YES;
				IPHONEOS_DEPLOYMENT_TARGET = 9.3;
				MTL_ENABLE_DEBUG_INFO = NO;
				SDKROOT = iphoneos;
				TARGETED_DEVICE_FAMILY = "1,2";
				VALIDATE_PRODUCT = YES;
			};
			name = Release;
		};
		6A8612801DF483E6008784DC /* Debug */ = {
			isa = XCBuildConfiguration;
			buildSettings = {
				ASSETCATALOG_COMPILER_APPICON_NAME = AppIcon;
				INFOPLIST_FILE = CustomNavigationBar/Info.plist;
				LD_RUNPATH_SEARCH_PATHS = "$(inherited) @executable_path/Frameworks";
				PRODUCT_BUNDLE_IDENTIFIER = com.allanp.CustomNavigationBar;
				PRODUCT_NAME = "$(TARGET_NAME)";
			};
			name = Debug;
		};
		6A8612811DF483E6008784DC /* Release */ = {
			isa = XCBuildConfiguration;
			buildSettings = {
				ASSETCATALOG_COMPILER_APPICON_NAME = AppIcon;
				INFOPLIST_FILE = CustomNavigationBar/Info.plist;
				LD_RUNPATH_SEARCH_PATHS = "$(inherited) @executable_path/Frameworks";
				PRODUCT_BUNDLE_IDENTIFIER = com.allanp.CustomNavigationBar;
				PRODUCT_NAME = "$(TARGET_NAME)";
			};
			name = Release;
		};
/* End XCBuildConfiguration section */

/* Begin XCConfigurationList section */
		6A8612681DF483E6008784DC /* Build configuration list for PBXProject "CustomNavigationBar" */ = {
			isa = XCConfigurationList;
			buildConfigurations = (
				6A86127D1DF483E6008784DC /* Debug */,
				6A86127E1DF483E6008784DC /* Release */,
			);
			defaultConfigurationIsVisible = 0;
			defaultConfigurationName = Release;
		};
		6A86127F1DF483E6008784DC /* Build configuration list for PBXNativeTarget "CustomNavigationBar" */ = {
			isa = XCConfigurationList;
			buildConfigurations = (
				6A8612801DF483E6008784DC /* Debug */,
				6A8612811DF483E6008784DC /* Release */,
			);
			defaultConfigurationIsVisible = 0;
			defaultConfigurationName = Release;
		};
/* End XCConfigurationList section */
	};
	rootObject = 6A8612651DF483E6008784DC /* Project object */;
}
